<?xml version="1.0" encoding="utf-8"?>
<Project xmlns="http://schemas.microsoft.com/developer/msbuild/2003">
  <ItemGroup>
    <Filter Include="Form Files">
      <UniqueIdentifier>{99349809-55BA-4b9d-BF79-8FDBB0286EB3}</UniqueIdentifier>
      <Extensions>ui</Extensions>
      <ParseFiles>false</ParseFiles>
    </Filter>
    <Filter Include="Form Files">
      <UniqueIdentifier>{99349809-55BA-4b9d-BF79-8FDBB0286EB3}</UniqueIdentifier>
      <Extensions>ui</Extensions>
      <ParseFiles>false</ParseFiles>
    </Filter>
    <Filter Include="Generated Files">
      <UniqueIdentifier>{71ED8ED8-ACB9-4CE9-BBE1-E00B30144E11}</UniqueIdentifier>
      <Extensions>cpp;c;cxx;moc;h;def;odl;idl;res;</Extensions>
    </Filter>
    <Filter Include="Generated Files">
      <UniqueIdentifier>{71ED8ED8-ACB9-4CE9-BBE1-E00B30144E11}</UniqueIdentifier>
      <Extensions>cpp;c;cxx;moc;h;def;odl;idl;res;</Extensions>
    </Filter>
    <Filter Include="Header Files">
      <UniqueIdentifier>{93995380-89BD-4b04-88EB-625FBE52EBFB}</UniqueIdentifier>
      <Extensions>h;hpp;hxx;hm;inl;inc;xsd</Extensions>
    </Filter>
    <Filter Include="Header Files">
      <UniqueIdentifier>{93995380-89BD-4b04-88EB-625FBE52EBFB}</UniqueIdentifier>
      <Extensions>h;hpp;hxx;hm;inl;inc;xsd</Extensions>
    </Filter>
    <Filter Include="Source Files">
      <UniqueIdentifier>{4FC737F1-C7A5-4376-A066-2A32D752A2FF}</UniqueIdentifier>
      <Extensions>cpp;c;cxx;def;odl;idl;hpj;bat;asm;asmx</Extensions>
    </Filter>
    <Filter Include="Source Files">
      <UniqueIdentifier>{4FC737F1-C7A5-4376-A066-2A32D752A2FF}</UniqueIdentifier>
      <Extensions>cpp;c;cxx;def;odl;idl;hpj;bat;asm;asmx</Extensions>
    </Filter>
  </ItemGroup>
  <ItemGroup>
    <ClCompile Include="DMDLib\API.c">
      <Filter>Source Files</Filter>
    </ClCompile>
    <ClCompile Include="DMDLib\BMPParser.c">
      <Filter>Source Files</Filter>
    </ClCompile>
    <ClCompile Include="DMDLib\Error.c">
      <Filter>Source Files</Filter>
    </ClCompile>
    <ClCompile Include="PIStage.cpp">
      <Filter>Source Files</Filter>
    </ClCompile>
    <ClCompile Include="DMDLib\batchfile.c">
      <Filter>Source Files</Filter>
    </ClCompile>
    <ClCompile Include="DMDLib\compress.c">
      <Filter>Source Files</Filter>
    </ClCompile>
    <ClCompile Include="dmd.cpp">
      <Filter>Source Files</Filter>
    </ClCompile>
    <ClCompile Include="DMDLib\firmware.c">
      <Filter>Source Files</Filter>
    </ClCompile>
    <ClCompile Include="DMDLib\flashimage.c">
      <Filter>Source Files</Filter>
    </ClCompile>
    <ClCompile Include="DMDLib\flashloader.c">
      <Filter>Source Files</Filter>
    </ClCompile>
    <ClCompile Include="main.cpp">
      <Filter>Source Files</Filter>
    </ClCompile>
    <ClCompile Include="mainwindow.cpp">
      <Filter>Source Files</Filter>
    </ClCompile>
    <ClCompile Include="DMDLib\pattern.c">
      <Filter>Source Files</Filter>
    </ClCompile>
    <ClCompile Include="DMDLib\splash.c">
      <Filter>Source Files</Filter>
    </ClCompile>
    <ClCompile Include="DMDLib\usb.c">
      <Filter>Source Files</Filter>
    </ClCompile>
    <ClCompile Include="workThread.cpp">
      <Filter>Source Files</Filter>
    </ClCompile>
  </ItemGroup>
  <ItemGroup>
    <ClInclude Include="DMDLib\API.h">
      <Filter>Header Files</Filter>
    </ClInclude>
    <ClInclude Include="DMDLib\BMPParser.h">
      <Filter>Header Files</Filter>
    </ClInclude>
    <ClInclude Include="DMDLib\Error.h">
      <Filter>Header Files</Filter>
    </ClInclude>
    <ClInclude Include="PI_GCS_2\PI_GCS2_DLL.h">
      <Filter>Header Files</Filter>
    </ClInclude>
    <ClInclude Include="PtnImage.h">
      <Filter>Header Files</Filter>
    </ClInclude>
    <ClInclude Include="DMDLib\batchfile.h">
      <Filter>Header Files</Filter>
    </ClInclude>
    <ClInclude Include="DMDLib\common.h">
      <Filter>Header Files</Filter>
    </ClInclude>
    <ClInclude Include="DMDLib\compress.h">
      <Filter>Header Files</Filter>
    </ClInclude>
    <ClInclude Include="DMDLib\firmware.h">
      <Filter>Header Files</Filter>
    </ClInclude>
    <ClInclude Include="DMDLib\flashimage.h">
      <Filter>Header Files</Filter>
    </ClInclude>
    <ClInclude Include="DMDLib\flashloader.h">
      <Filter>Header Files</Filter>
    </ClInclude>
    <ClInclude Include="hidapi\hidapi.h">
      <Filter>Header Files</Filter>
    </ClInclude>
    <QtMoc Include="mainwindow.h">
      <Filter>Header Files</Filter>
    </QtMoc>
    <ClInclude Include="DMDLib\pattern.h">
      <Filter>Header Files</Filter>
    </ClInclude>
    <ClInclude Include="patternelement.h">
      <Filter>Header Files</Filter>
    </ClInclude>
    <ClInclude Include="DMDLib\splash.h">
      <Filter>Header Files</Filter>
    </ClInclude>
    <ClInclude Include="DMDLib\usb.h">
      <Filter>Header Files</Filter>
    </ClInclude>
    <ClInclude Include="resource.h">
      <Filter>Generated Files</Filter>
    </ClInclude>
  </ItemGroup>
  <ItemGroup>
    <CustomBuild Include="debug\moc_predefs.h.cbt">
      <Filter>Generated Files</Filter>
    </CustomBuild>
    <CustomBuild Include="release\moc_predefs.h.cbt">
      <Filter>Generated Files</Filter>
    </CustomBuild>
  </ItemGroup>
  <ItemGroup>
    <QtUic Include="mainwindow.ui">
      <Filter>Form Files</Filter>
    </QtUic>
  </ItemGroup>
  <ItemGroup>
    <QtMoc Include="workThread.h">
      <Filter>Header Files</Filter>
    </QtMoc>
  </ItemGroup>
  <ItemGroup>
    <Image Include="LP.ico" />
  </ItemGroup>
  <ItemGroup>
    <ResourceCompile Include="LayerPrinter.rc" />
  </ItemGroup>
  <ItemGroup>
    <QtRcc Include="LayerPrinter.qrc" />
  </ItemGroup>
</Project>